// !$*UTF8*$!
{
	archiveVersion = 1;
	classes = {
	};
	objectVersion = 46;
	objects = {

/* Begin PBXBuildFile section */
		D5E16FAF1A6CB1DE006EFD7A /* main.m in Sources */ = {isa = PBXBuildFile; fileRef = D5E16FAE1A6CB1DE006EFD7A /* main.m */; };
		D5E16FB21A6CB1DE006EFD7A /* AppDelegate.m in Sources */ = {isa = PBXBuildFile; fileRef = D5E16FB11A6CB1DE006EFD7A /* AppDelegate.m */; };
		D5E16FB51A6CB1DE006EFD7A /* ViewController.m in Sources */ = {isa = PBXBuildFile; fileRef = D5E16FB41A6CB1DE006EFD7A /* ViewController.m */; };
		D5E16FB81A6CB1DE006EFD7A /* Main.storyboard in Resources */ = {isa = PBXBuildFile; fileRef = D5E16FB61A6CB1DE006EFD7A /* Main.storyboard */; };
		D5E16FBA1A6CB1DE006EFD7A /* Images.xcassets in Resources */ = {isa = PBXBuildFile; fileRef = D5E16FB91A6CB1DE006EFD7A /* Images.xcassets */; };
		D5E16FBD1A6CB1DE006EFD7A /* LaunchScreen.xib in Resources */ = {isa = PBXBuildFile; fileRef = D5E16FBB1A6CB1DE006EFD7A /* LaunchScreen.xib */; };
		D5E16FC91A6CB1DE006EFD7A /* iBeacon_2waysTests.m in Sources */ = {isa = PBXBuildFile; fileRef = D5E16FC81A6CB1DE006EFD7A /* iBeacon_2waysTests.m */; };
/* End PBXBuildFile section */

/* Begin PBXContainerItemProxy section */
		D5E16FC31A6CB1DE006EFD7A /* PBXContainerItemProxy */ = {
			isa = PBXContainerItemProxy;
			containerPortal = D5E16FA11A6CB1DE006EFD7A /* Project object */;
			proxyType = 1;
			remoteGlobalIDString = D5E16FA81A6CB1DE006EFD7A;
			remoteInfo = iBeacon_2ways;
		};
/* End PBXContainerItemProxy section */

/* Begin PBXFileReference section */
		D5E16FA91A6CB1DE006EFD7A /* iBeacon_2ways.app */ = {isa = PBXFileReference; explicitFileType = wrapper.application; includeInIndex = 0; path = iBeacon_2ways.app; sourceTree = BUILT_PRODUCTS_DIR; };
		D5E16FAD1A6CB1DE006EFD7A /* Info.plist */ = {isa = PBXFileReference; lastKnownFileType = text.plist.xml; path = Info.plist; sourceTree = "<group>"; };
		D5E16FAE1A6CB1DE006EFD7A /* main.m */ = {isa = PBXFileReference; lastKnownFileType = sourcecode.c.objc; path = main.m; sourceTree = "<group>"; };
		D5E16FB01A6CB1DE006EFD7A /* AppDelegate.h */ = {isa = PBXFileReference; lastKnownFileType = sourcecode.c.h; path = AppDelegate.h; sourceTree = "<group>"; };
		D5E16FB11A6CB1DE006EFD7A /* AppDelegate.m */ = {isa = PBXFileReference; lastKnownFileType = sourcecode.c.objc; path = AppDelegate.m; sourceTree = "<group>"; };
		D5E16FB31A6CB1DE006EFD7A /* ViewController.h */ = {isa = PBXFileReference; lastKnownFileType = sourcecode.c.h; path = ViewController.h; sourceTree = "<group>"; };
		D5E16FB41A6CB1DE006EFD7A /* ViewController.m */ = {isa = PBXFileReference; lastKnownFileType = sourcecode.c.objc; path = ViewController.m; sourceTree = "<group>"; };
		D5E16FB71A6CB1DE006EFD7A /* Base */ = {isa = PBXFileReference; lastKnownFileType = file.storyboard; name = Base; path = Base.lproj/Main.storyboard; sourceTree = "<group>"; };
		D5E16FB91A6CB1DE006EFD7A /* Images.xcassets */ = {isa = PBXFileReference; lastKnownFileType = folder.assetcatalog; path = Images.xcassets; sourceTree = "<group>"; };
		D5E16FBC1A6CB1DE006EFD7A /* Base */ = {isa = PBXFileReference; lastKnownFileType = file.xib; name = Base; path = Base.lproj/LaunchScreen.xib; sourceTree = "<group>"; };
		D5E16FC21A6CB1DE006EFD7A /* iBeacon_2waysTests.xctest */ = {isa = PBXFileReference; explicitFileType = wrapper.cfbundle; includeInIndex = 0; path = iBeacon_2waysTests.xctest; sourceTree = BUILT_PRODUCTS_DIR; };
		D5E16FC71A6CB1DE006EFD7A /* Info.plist */ = {isa = PBXFileReference; lastKnownFileType = text.plist.xml; path = Info.plist; sourceTree = "<group>"; };
		D5E16FC81A6CB1DE006EFD7A /* iBeacon_2waysTests.m */ = {isa = PBXFileReference; lastKnownFileType = sourcecode.c.objc; path = iBeacon_2waysTests.m; sourceTree = "<group>"; };
/* End PBXFileReference section */

/* Begin PBXFrameworksBuildPhase section */
		D5E16FA61A6CB1DE006EFD7A /* Frameworks */ = {
			isa = PBXFrameworksBuildPhase;
			buildActionMask = 2147483647;
			files = (
			);
			runOnlyForDeploymentPostprocessing = 0;
		};
		D5E16FBF1A6CB1DE006EFD7A /* Frameworks */ = {
			isa = PBXFrameworksBuildPhase;
			buildActionMask = 2147483647;
			files = (
			);
			runOnlyForDeploymentPostprocessing = 0;
		};
/* End PBXFrameworksBuildPhase section */

/* Begin PBXGroup section */
		D5E16FA01A6CB1DE006EFD7A = {
			isa = PBXGroup;
			children = (
				D5E16FAB1A6CB1DE006EFD7A /* iBeacon_2ways */,
				D5E16FC51A6CB1DE006EFD7A /* iBeacon_2waysTests */,
				D5E16FAA1A6CB1DE006EFD7A /* Products */,
			);
			sourceTree = "<group>";
		};
		D5E16FAA1A6CB1DE006EFD7A /* Products */ = {
			isa = PBXGroup;
			children = (
				D5E16FA91A6CB1DE006EFD7A /* iBeacon_2ways.app */,
				D5E16FC21A6CB1DE006EFD7A /* iBeacon_2waysTests.xctest */,
			);
			name = Products;
			sourceTree = "<group>";
		};
		D5E16FAB1A6CB1DE006EFD7A /* iBeacon_2ways */ = {
			isa = PBXGroup;
			children = (
				D5E16FB01A6CB1DE006EFD7A /* AppDelegate.h */,
				D5E16FB11A6CB1DE006EFD7A /* AppDelegate.m */,
				D5E16FB31A6CB1DE006EFD7A /* ViewController.h */,
				D5E16FB41A6CB1DE006EFD7A /* ViewController.m */,
				D5E16FB61A6CB1DE006EFD7A /* Main.storyboard */,
				D5E16FB91A6CB1DE006EFD7A /* Images.xcassets */,
				D5E16FBB1A6CB1DE006EFD7A /* LaunchScreen.xib */,
				D5E16FAC1A6CB1DE006EFD7A /* Supporting Files */,
			);
			path = iBeacon_2ways;
			sourceTree = "<group>";
		};
		D5E16FAC1A6CB1DE006EFD7A /* Supporting Files */ = {
			isa = PBXGroup;
			children = (
				D5E16FAD1A6CB1DE006EFD7A /* Info.plist */,
				D5E16FAE1A6CB1DE006EFD7A /* main.m */,
			);
			name = "Supporting Files";
			sourceTree = "<group>";
		};
		D5E16FC51A6CB1DE006EFD7A /* iBeacon_2waysTests */ = {
			isa = PBXGroup;
			children = (
				D5E16FC81A6CB1DE006EFD7A /* iBeacon_2waysTests.m */,
				D5E16FC61A6CB1DE006EFD7A /* Supporting Files */,
			);
			path = iBeacon_2waysTests;
			sourceTree = "<group>";
		};
		D5E16FC61A6CB1DE006EFD7A /* Supporting Files */ = {
			isa = PBXGroup;
			children = (
				D5E16FC71A6CB1DE006EFD7A /* Info.plist */,
			);
			name = "Supporting Files";
			sourceTree = "<group>";
		};
/* End PBXGroup section */

/* Begin PBXNativeTarget section */
		D5E16FA81A6CB1DE006EFD7A /* iBeacon_2ways */ = {
			isa = PBXNativeTarget;
			buildConfigurationList = D5E16FCC1A6CB1DE006EFD7A /* Build configuration list for PBXNativeTarget "iBeacon_2ways" */;
			buildPhases = (
				D5E16FA51A6CB1DE006EFD7A /* Sources */,
				D5E16FA61A6CB1DE006EFD7A /* Frameworks */,
				D5E16FA71A6CB1DE006EFD7A /* Resources */,
			);
			buildRules = (
			);
			dependencies = (
			);
			name = iBeacon_2ways;
			productName = iBeacon_2ways;
			productReference = D5E16FA91A6CB1DE006EFD7A /* iBeacon_2ways.app */;
			productType = "com.apple.product-type.application";
		};
		D5E16FC11A6CB1DE006EFD7A /* iBeacon_2waysTests */ = {
			isa = PBXNativeTarget;
			buildConfigurationList = D5E16FCF1A6CB1DE006EFD7A /* Build configuration list for PBXNativeTarget "iBeacon_2waysTests" */;
			buildPhases = (
				D5E16FBE1A6CB1DE006EFD7A /* Sources */,
				D5E16FBF1A6CB1DE006EFD7A /* Frameworks */,
				D5E16FC01A6CB1DE006EFD7A /* Resources */,
			);
			buildRules = (
			);
			dependencies = (
				D5E16FC41A6CB1DE006EFD7A /* PBXTargetDependency */,
			);
			name = iBeacon_2waysTests;
			productName = iBeacon_2waysTests;
			productReference = D5E16FC21A6CB1DE006EFD7A /* iBeacon_2waysTests.xctest */;
			productType = "com.apple.product-type.bundle.unit-test";
		};
/* End PBXNativeTarget section */

/* Begin PBXProject section */
		D5E16FA11A6CB1DE006EFD7A /* Project object */ = {
			isa = PBXProject;
			attributes = {
				LastUpgradeCheck = 0610;
				ORGANIZATIONNAME = TQThanh;
				TargetAttributes = {
					D5E16FA81A6CB1DE006EFD7A = {
						CreatedOnToolsVersion = 6.1.1;
					};
					D5E16FC11A6CB1DE006EFD7A = {
						CreatedOnToolsVersion = 6.1.1;
						TestTargetID = D5E16FA81A6CB1DE006EFD7A;
					};
				};
			};
			buildConfigurationList = D5E16FA41A6CB1DE006EFD7A /* Build configuration list for PBXProject "iBeacon_2ways" */;
			compatibilityVersion = "Xcode 3.2";
			developmentRegion = English;
			hasScannedForEncodings = 0;
			knownRegions = (
				en,
				Base,
			);
			mainGroup = D5E16FA01A6CB1DE006EFD7A;
			productRefGroup = D5E16FAA1A6CB1DE006EFD7A /* Products */;
			projectDirPath = "";
			projectRoot = "";
			targets = (
				D5E16FA81A6CB1DE006EFD7A /* iBeacon_2ways */,
				D5E16FC11A6CB1DE006EFD7A /* iBeacon_2waysTests */,
			);
		};
/* End PBXProject section */

/* Begin PBXResourcesBuildPhase section */
		D5E16FA71A6CB1DE006EFD7A /* Resources */ = {
			isa = PBXResourcesBuildPhase;
			buildActionMask = 2147483647;
			files = (
				D5E16FB81A6CB1DE006EFD7A /* Main.storyboard in Resources */,
				D5E16FBD1A6CB1DE006EFD7A /* LaunchScreen.xib in Resources */,
				D5E16FBA1A6CB1DE006EFD7A /* Images.xcassets in Resources */,
			);
			runOnlyForDeploymentPostprocessing = 0;
		};
		D5E16FC01A6CB1DE006EFD7A /* Resources */ = {
			isa = PBXResourcesBuildPhase;
			buildActionMask = 2147483647;
			files = (
			);
			runOnlyForDeploymentPostprocessing = 0;
		};
/* End PBXResourcesBuildPhase section */

/* Begin PBXSourcesBuildPhase section */
		D5E16FA51A6CB1DE006EFD7A /* Sources */ = {
			isa = PBXSourcesBuildPhase;
			buildActionMask = 2147483647;
			files = (
				D5E16FB51A6CB1DE006EFD7A /* ViewController.m in Sources */,
				D5E16FB21A6CB1DE006EFD7A /* AppDelegate.m in Sources */,
				D5E16FAF1A6CB1DE006EFD7A /* main.m in Sources */,
			);
			runOnlyForDeploymentPostprocessing = 0;
		};
		D5E16FBE1A6CB1DE006EFD7A /* Sources */ = {
			isa = PBXSourcesBuildPhase;
			buildActionMask = 2147483647;
			files = (
				D5E16FC91A6CB1DE006EFD7A /* iBeacon_2waysTests.m in Sources */,
			);
			runOnlyForDeploymentPostprocessing = 0;
		};
/* End PBXSourcesBuildPhase section */

/* Begin PBXTargetDependency section */
		D5E16FC41A6CB1DE006EFD7A /* PBXTargetDependency */ = {
			isa = PBXTargetDependency;
			target = D5E16FA81A6CB1DE006EFD7A /* iBeacon_2ways */;
			targetProxy = D5E16FC31A6CB1DE006EFD7A /* PBXContainerItemProxy */;
		};
/* End PBXTargetDependency section */

/* Begin PBXVariantGroup section */
		D5E16FB61A6CB1DE006EFD7A /* Main.storyboard */ = {
			isa = PBXVariantGroup;
			children = (
				D5E16FB71A6CB1DE006EFD7A /* Base */,
			);
			name = Main.storyboard;
			sourceTree = "<group>";
		};
		D5E16FBB1A6CB1DE006EFD7A /* LaunchScreen.xib */ = {
			isa = PBXVariantGroup;
			children = (
				D5E16FBC1A6CB1DE006EFD7A /* Base */,
			);
			name = LaunchScreen.xib;
			sourceTree = "<group>";
		};
/* End PBXVariantGroup section */

/* Begin XCBuildConfiguration section */
		D5E16FCA1A6CB1DE006EFD7A /* Debug */ = {
			isa = XCBuildConfiguration;
			buildSettings = {
				ALWAYS_SEARCH_USER_PATHS = NO;
				CLANG_CXX_LANGUAGE_STANDARD = "gnu++0x";
				CLANG_CXX_LIBRARY = "libc++";
				CLANG_ENABLE_MODULES = YES;
				CLANG_ENABLE_OBJC_ARC = YES;
				CLANG_WARN_BOOL_CONVERSION = YES;
				CLANG_WARN_CONSTANT_CONVERSION = YES;
				CLANG_WARN_DIRECT_OBJC_ISA_USAGE = YES_ERROR;
				CLANG_WARN_EMPTY_BODY = YES;
				CLANG_WARN_ENUM_CONVERSION = YES;
				CLANG_WARN_INT_CONVERSION = YES;
				CLANG_WARN_OBJC_ROOT_CLASS = YES_ERROR;
				CLANG_WARN_UNREACHABLE_CODE = YES;
				CLANG_WARN__DUPLICATE_METHOD_MATCH = YES;
				"CODE_SIGN_IDENTITY[sdk=iphoneos*]" = "iPhone Developer";
				COPY_PHASE_STRIP = NO;
				ENABLE_STRICT_OBJC_MSGSEND = YES;
				GCC_C_LANGUAGE_STANDARD = gnu99;
				GCC_DYNAMIC_NO_PIC = NO;
				GCC_OPTIMIZATION_LEVEL = 0;
				GCC_PREPROCESSOR_DEFINITIONS = (
					"DEBUG=1",
					"$(inherited)",
				);
				GCC_SYMBOLS_PRIVATE_EXTERN = NO;
				GCC_WARN_64_TO_32_BIT_CONVERSION = YES;
				GCC_WARN_ABOUT_RETURN_TYPE = YES_ERROR;
				GCC_WARN_UNDECLARED_SELECTOR = YES;
				GCC_WARN_UNINITIALIZED_AUTOS = YES_AGGRESSIVE;
				GCC_WARN_UNUSED_FUNCTION = YES;
				GCC_WARN_UNUSED_VARIABLE = YES;
				IPHONEOS_DEPLOYMENT_TARGET = 8.1;
				MTL_ENABLE_DEBUG_INFO = YES;
				ONLY_ACTIVE_ARCH = YES;
				SDKROOT = iphoneos;
			};
			name = Debug;
		};
		D5E16FCB1A6CB1DE006EFD7A /* Release */ = {
			isa = XCBuildConfiguration;
			buildSettings = {
				ALWAYS_SEARCH_USER_PATHS = NO;
				CLANG_CXX_LANGUAGE_STANDARD = "gnu++0x";
				CLANG_CXX_LIBRARY = "libc++";
				CLANG_ENABLE_MODULES = YES;
				CLANG_ENABLE_OBJC_ARC = YES;
				CLANG_WARN_BOOL_CONVERSION = YES;
				CLANG_WARN_CONSTANT_CONVERSION = YES;
				CLANG_WARN_DIRECT_OBJC_ISA_USAGE = YES_ERROR;
				CLANG_WARN_EMPTY_BODY = YES;
				CLANG_WARN_ENUM_CONVERSION = YES;
				CLANG_WARN_INT_CONVERSION = YES;
				CLANG_WARN_OBJC_ROOT_CLASS = YES_ERROR;
				CLANG_WARN_UNREACHABLE_CODE = YES;
				CLANG_WARN__DUPLICATE_METHOD_MATCH = YES;
				"CODE_SIGN_IDENTITY[sdk=iphoneos*]" = "iPhone Developer";
				COPY_PHASE_STRIP = YES;
				ENABLE_NS_ASSERTIONS = NO;
				ENABLE_STRICT_OBJC_MSGSEND = YES;
				GCC_C_LANGUAGE_STANDARD = gnu99;
				GCC_WARN_64_TO_32_BIT_CONVERSION = YES;
				GCC_WARN_ABOUT_RETURN_TYPE = YES_ERROR;
				GCC_WARN_UNDECLARED_SELECTOR = YES;
				GCC_WARN_UNINITIALIZED_AUTOS = YES_AGGRESSIVE;
				GCC_WARN_UNUSED_FUNCTION = YES;
				GCC_WARN_UNUSED_VARIABLE = YES;
				IPHONEOS_DEPLOYMENT_TARGET = 8.1;
				MTL_ENABLE_DEBUG_INFO = NO;
				SDKROOT = iphoneos;
				VALIDATE_PRODUCT = YES;
			};
			name = Release;
		};
		D5E16FCD1A6CB1DE006EFD7A /* Debug */ = {
			isa = XCBuildConfiguration;
			buildSettings = {
				ASSETCATALOG_COMPILER_APPICON_NAME = AppIcon;
				INFOPLIST_FILE = iBeacon_2ways/Info.plist;
				LD_RUNPATH_SEARCH_PATHS = "$(inherited) @executable_path/Frameworks";
				PRODUCT_NAME = "$(TARGET_NAME)";
			};
			name = Debug;
		};
		D5E16FCE1A6CB1DE006EFD7A /* Release */ = {
			isa = XCBuildConfiguration;
			buildSettings = {
				ASSETCATALOG_COMPILER_APPICON_NAME = AppIcon;
				INFOPLIST_FILE = iBeacon_2ways/Info.plist;
				LD_RUNPATH_SEARCH_PATHS = "$(inherited) @executable_path/Frameworks";
				PRODUCT_NAME = "$(TARGET_NAME)";
			};
			name = Release;
		};
		D5E16FD01A6CB1DE006EFD7A /* Debug */ = {
			isa = XCBuildConfiguration;
			buildSettings = {
				BUNDLE_LOADER = "$(TEST_HOST)";
				FRAMEWORK_SEARCH_PATHS = (
					"$(SDKROOT)/Developer/Library/Frameworks",
					"$(inherited)",
				);
				GCC_PREPROCESSOR_DEFINITIONS = (
					"DEBUG=1",
					"$(inherited)",
				);
				INFOPLIST_FILE = iBeacon_2waysTests/Info.plist;
				LD_RUNPATH_SEARCH_PATHS = "$(inherited) @executable_path/Frameworks @loader_path/Frameworks";
				PRODUCT_NAME = "$(TARGET_NAME)";
				TEST_HOST = "$(BUILT_PRODUCTS_DIR)/iBeacon_2ways.app/iBeacon_2ways";
			};
			name = Debug;
		};
		D5E16FD11A6CB1DE006EFD7A /* Release */ = {
			isa = XCBuildConfiguration;
			buildSettings = {
				BUNDLE_LOADER = "$(TEST_HOST)";
				FRAMEWORK_SEARCH_PATHS = (
					"$(SDKROOT)/Developer/Library/Frameworks",
					"$(inherited)",
				);
				INFOPLIST_FILE = iBeacon_2waysTests/Info.plist;
				LD_RUNPATH_SEARCH_PATHS = "$(inherited) @executable_path/Frameworks @loader_path/Frameworks";
				PRODUCT_NAME = "$(TARGET_NAME)";
				TEST_HOST = "$(BUILT_PRODUCTS_DIR)/iBeacon_2ways.app/iBeacon_2ways";
			};
			name = Release;
		};
/* End XCBuildConfiguration section */

/* Begin XCConfigurationList section */
		D5E16FA41A6CB1DE006EFD7A /* Build configuration list for PBXProject "iBeacon_2ways" */ = {
			isa = XCConfigurationList;
			buildConfigurations = (
				D5E16FCA1A6CB1DE006EFD7A /* Debug */,
				D5E16FCB1A6CB1DE006EFD7A /* Release */,
			);
			defaultConfigurationIsVisible = 0;
			defaultConfigurationName = Release;
		};
		D5E16FCC1A6CB1DE006EFD7A /* Build configuration list for PBXNativeTarget "iBeacon_2ways" */ = {
			isa = XCConfigurationList;
			buildConfigurations = (
				D5E16FCD1A6CB1DE006EFD7A /* Debug */,
				D5E16FCE1A6CB1DE006EFD7A /* Release */,
			);
			defaultConfigurationIsVisible = 0;
		};
		D5E16FCF1A6CB1DE006EFD7A /* Build configuration list for PBXNativeTarget "iBeacon_2waysTests" */ = {
			isa = XCConfigurationList;
			buildConfigurations = (
				D5E16FD01A6CB1DE006EFD7A /* Debug */,
				D5E16FD11A6CB1DE006EFD7A /* Release */,
			);
			defaultConfigurationIsVisible = 0;
		};
/* End XCConfigurationList section */
	};
	rootObject = D5E16FA11A6CB1DE006EFD7A /* Project object */;
}
